<?xml version="1.0" encoding="utf-8"?>
<Project ToolsVersion="4.0" xmlns="http://schemas.microsoft.com/developer/msbuild/2003">
  <ItemGroup>
    <ClCompile Include="main.cpp" />
    <ClCompile Include="Log.cpp">
      <Filter>Sources</Filter>
    </ClCompile>
    <ClCompile Include="SQL.cpp">
      <Filter>Sources</Filter>
    </ClCompile>
    <ClCompile Include="JudgeThread.cpp">
      <Filter>Sources</Filter>
    </ClCompile>
  </ItemGroup>
  <ItemGroup>
    <Filter Include="Headers">
      <UniqueIdentifier>{243e0527-2670-4cb1-beae-5ef6b3185576}</UniqueIdentifier>
    </Filter>
    <Filter Include="Sources">
      <UniqueIdentifier>{f5b135b7-38fc-401f-ae38-478b153c6277}</UniqueIdentifier>
    </Filter>
  </ItemGroup>
  <ItemGroup>
    <ClInclude Include="Log.h">
      <Filter>Headers</Filter>
    </ClInclude>
    <ClInclude Include="SQL.h">
      <Filter>Headers</Filter>
    </ClInclude>
    <ClInclude Include="JudgeThread.h">
      <Filter>Headers</Filter>
    </ClInclude>
  </ItemGroup>
</Project>